
Microsoft Visual Studio Solution File, Format Version 12.00
# Visual Studio 2012
Project("{FAE04EC0-301F-11D3-BF4B-00C04F79EFBC}") = "CNTT129", "CNTT129\CNTT129.csproj", "{ACF6A6F0-1BDD-4913-9694-4A4A2930D01D}"
EndProject
Global
	GlobalSection(SolutionConfigurationPlatforms) = preSolution
		Debug|Any CPU = Debug|Any CPU
		Release|Any CPU = Release|Any CPU
	EndGlobalSection
	GlobalSection(ProjectConfigurationPlatforms) = postSolution
		{ACF6A6F0-1BDD-4913-9694-4A4A2930D01D}.Debug|Any CPU.ActiveCfg = Debug|Any CPU
		{ACF6A6F0-1BDD-4913-9694-4A4A2930D01D}.Debug|Any CPU.Build.0 = Debug|Any CPU
		{ACF6A6F0-1BDD-4913-9694-4A4A2930D01D}.Release|Any CPU.ActiveCfg = Release|Any CPU
		{ACF6A6F0-1BDD-4913-9694-4A4A2930D01D}.Release|Any CPU.Build.0 = Release|Any CPU
	EndGlobalSection
	GlobalSection(SolutionProperties) = preSolution
		HideSolutionNode = FALSE
	EndGlobalSection
EndGlobal
